
Microsoft Visual Studio Solution File, Format Version 12.00
# Visual Studio Version 17
VisualStudioVersion = 17.3.32804.467
MinimumVisualStudioVersion = 10.0.40219.1
Project("{FAE04EC0-301F-11D3-BF4B-00C04F79EFBC}") = "SegundoParcialJesusVenialgo", "SegundoParcialJesusVenialgo.csproj", "{66F9064E-81CF-42E7-A4E1-6964CECB8E5F}"
EndProject
Project("{FAE04EC0-301F-11D3-BF4B-00C04F79EFBC}") = "Repository", "..\Repository\Repository.csproj", "{8C0ABC72-DAE8-4825-85D9-3C9BDF04AFA4}"
EndProject
Project("{FAE04EC0-301F-11D3-BF4B-00C04F79EFBC}") = "Services", "..\Services\Services.csproj", "{AC3B0080-3E1F-4F0D-B57C-2935E3CE7BB5}"
EndProject
Global
	GlobalSection(SolutionConfigurationPlatforms) = preSolution
		Debug|Any CPU = Debug|Any CPU
		Release|Any CPU = Release|Any CPU
	EndGlobalSection
	GlobalSection(ProjectConfigurationPlatforms) = postSolution
		{66F9064E-81CF-42E7-A4E1-6964CECB8E5F}.Debug|Any CPU.ActiveCfg = Debug|Any CPU
		{66F9064E-81CF-42E7-A4E1-6964CECB8E5F}.Debug|Any CPU.Build.0 = Debug|Any CPU
		{66F9064E-81CF-42E7-A4E1-6964CECB8E5F}.Release|Any CPU.ActiveCfg = Release|Any CPU
		{66F9064E-81CF-42E7-A4E1-6964CECB8E5F}.Release|Any CPU.Build.0 = Release|Any CPU
		{8C0ABC72-DAE8-4825-85D9-3C9BDF04AFA4}.Debug|Any CPU.ActiveCfg = Debug|Any CPU
		{8C0ABC72-DAE8-4825-85D9-3C9BDF04AFA4}.Debug|Any CPU.Build.0 = Debug|Any CPU
		{8C0ABC72-DAE8-4825-85D9-3C9BDF04AFA4}.Release|Any CPU.ActiveCfg = Release|Any CPU
		{8C0ABC72-DAE8-4825-85D9-3C9BDF04AFA4}.Release|Any CPU.Build.0 = Release|Any CPU
		{AC3B0080-3E1F-4F0D-B57C-2935E3CE7BB5}.Debug|Any CPU.ActiveCfg = Debug|Any CPU
		{AC3B0080-3E1F-4F0D-B57C-2935E3CE7BB5}.Debug|Any CPU.Build.0 = Debug|Any CPU
		{AC3B0080-3E1F-4F0D-B57C-2935E3CE7BB5}.Release|Any CPU.ActiveCfg = Release|Any CPU
		{AC3B0080-3E1F-4F0D-B57C-2935E3CE7BB5}.Release|Any CPU.Build.0 = Release|Any CPU
	EndGlobalSection
	GlobalSection(SolutionProperties) = preSolution
		HideSolutionNode = FALSE
	EndGlobalSection
	GlobalSection(ExtensibilityGlobals) = postSolution
		SolutionGuid = {B0737C80-04A9-47B6-9088-3C124B212848}
	EndGlobalSection
EndGlobal
